
Microsoft Visual Studio Solution File, Format Version 12.00
# Visual Studio Version 16
VisualStudioVersion = 16.0.31321.278
MinimumVisualStudioVersion = 10.0.40219.1
Project("{8BC9CEB8-8B4A-11D0-8D11-00A0C91BC942}") = "TestProject", "TestProject\TestProject.vcxproj", "{8EB076F1-9BAB-438D-A1C9-37B6C172E444}"
EndProject
Project("{8BC9CEB8-8B4A-11D0-8D11-00A0C91BC942}") = "Stulu", "Stulu\Stulu.vcxproj", "{22893F17-38E9-4CC8-A805-D362F3B25C2F}"
EndProject
Global
	GlobalSection(SolutionConfigurationPlatforms) = preSolution
		Debug|Any CPU = Debug|Any CPU
		Debug|x64 = Debug|x64
		Release|Any CPU = Release|Any CPU
		Release|x64 = Release|x64
	EndGlobalSection
	GlobalSection(ProjectConfigurationPlatforms) = postSolution
		{8EB076F1-9BAB-438D-A1C9-37B6C172E444}.Debug|Any CPU.ActiveCfg = Debug|x64
		{8EB076F1-9BAB-438D-A1C9-37B6C172E444}.Debug|x64.ActiveCfg = Debug|x64
		{8EB076F1-9BAB-438D-A1C9-37B6C172E444}.Debug|x64.Build.0 = Debug|x64
		{8EB076F1-9BAB-438D-A1C9-37B6C172E444}.Release|Any CPU.ActiveCfg = Release|x64
		{8EB076F1-9BAB-438D-A1C9-37B6C172E444}.Release|x64.ActiveCfg = Release|x64
		{8EB076F1-9BAB-438D-A1C9-37B6C172E444}.Release|x64.Build.0 = Release|x64
		{22893F17-38E9-4CC8-A805-D362F3B25C2F}.Debug|Any CPU.ActiveCfg = Debug|x64
		{22893F17-38E9-4CC8-A805-D362F3B25C2F}.Debug|x64.ActiveCfg = Debug|x64
		{22893F17-38E9-4CC8-A805-D362F3B25C2F}.Debug|x64.Build.0 = Debug|x64
		{22893F17-38E9-4CC8-A805-D362F3B25C2F}.Release|Any CPU.ActiveCfg = Release|x64
		{22893F17-38E9-4CC8-A805-D362F3B25C2F}.Release|x64.ActiveCfg = Release|x64
		{22893F17-38E9-4CC8-A805-D362F3B25C2F}.Release|x64.Build.0 = Release|x64
	EndGlobalSection
	GlobalSection(SolutionProperties) = preSolution
		HideSolutionNode = FALSE
	EndGlobalSection
	GlobalSection(ExtensibilityGlobals) = postSolution
		SolutionGuid = {F1E13047-9FB0-4D1E-AA8A-C90D6CAA15EC}
	EndGlobalSection
EndGlobal
